
Microsoft Visual Studio Solution File, Format Version 12.00
# Visual Studio Version 16
VisualStudioVersion = 16.0.30104.148
MinimumVisualStudioVersion = 10.0.40219.1
Project("{FAE04EC0-301F-11D3-BF4B-00C04F79EFBC}") = "PrimeFactor", "PrimeFactor\PrimeFactor.csproj", "{D5B54D89-914B-4B81-A367-A3F02E6D06CD}"
EndProject
Project("{FAE04EC0-301F-11D3-BF4B-00C04F79EFBC}") = "IntArray", "IntArray\IntArray.csproj", "{5AA26BFD-40D1-4D1C-A6EE-A2E4498B4755}"
EndProject
Global
	GlobalSection(SolutionConfigurationPlatforms) = preSolution
		Debug|Any CPU = Debug|Any CPU
		Release|Any CPU = Release|Any CPU
	EndGlobalSection
	GlobalSection(ProjectConfigurationPlatforms) = postSolution
		{D5B54D89-914B-4B81-A367-A3F02E6D06CD}.Debug|Any CPU.ActiveCfg = Debug|Any CPU
		{D5B54D89-914B-4B81-A367-A3F02E6D06CD}.Debug|Any CPU.Build.0 = Debug|Any CPU
		{D5B54D89-914B-4B81-A367-A3F02E6D06CD}.Release|Any CPU.ActiveCfg = Release|Any CPU
		{D5B54D89-914B-4B81-A367-A3F02E6D06CD}.Release|Any CPU.Build.0 = Release|Any CPU
		{5AA26BFD-40D1-4D1C-A6EE-A2E4498B4755}.Debug|Any CPU.ActiveCfg = Debug|Any CPU
		{5AA26BFD-40D1-4D1C-A6EE-A2E4498B4755}.Debug|Any CPU.Build.0 = Debug|Any CPU
		{5AA26BFD-40D1-4D1C-A6EE-A2E4498B4755}.Release|Any CPU.ActiveCfg = Release|Any CPU
		{5AA26BFD-40D1-4D1C-A6EE-A2E4498B4755}.Release|Any CPU.Build.0 = Release|Any CPU
	EndGlobalSection
	GlobalSection(SolutionProperties) = preSolution
		HideSolutionNode = FALSE
	EndGlobalSection
	GlobalSection(ExtensibilityGlobals) = postSolution
		SolutionGuid = {A38298A8-084A-4C2B-9EEC-2BA347ABB628}
	EndGlobalSection
EndGlobal
