
Microsoft Visual Studio Solution File, Format Version 12.00
# Visual Studio Version 16
VisualStudioVersion = 16.0.30517.126
MinimumVisualStudioVersion = 10.0.40219.1
Project("{FAE04EC0-301F-11D3-BF4B-00C04F79EFBC}") = "MyEfOrder", "MyEfOrder\MyEfOrder.csproj", "{E3A621CB-06F0-4AAB-A162-08AD5F327A3F}"
EndProject
Global
	GlobalSection(SolutionConfigurationPlatforms) = preSolution
		Debug|Any CPU = Debug|Any CPU
		Release|Any CPU = Release|Any CPU
	EndGlobalSection
	GlobalSection(ProjectConfigurationPlatforms) = postSolution
		{E3A621CB-06F0-4AAB-A162-08AD5F327A3F}.Debug|Any CPU.ActiveCfg = Debug|Any CPU
		{E3A621CB-06F0-4AAB-A162-08AD5F327A3F}.Debug|Any CPU.Build.0 = Debug|Any CPU
		{E3A621CB-06F0-4AAB-A162-08AD5F327A3F}.Release|Any CPU.ActiveCfg = Release|Any CPU
		{E3A621CB-06F0-4AAB-A162-08AD5F327A3F}.Release|Any CPU.Build.0 = Release|Any CPU
	EndGlobalSection
	GlobalSection(SolutionProperties) = preSolution
		HideSolutionNode = FALSE
	EndGlobalSection
	GlobalSection(ExtensibilityGlobals) = postSolution
		SolutionGuid = {D52DEE67-5830-41D0-B434-0B3B5455E17D}
	EndGlobalSection
EndGlobal
